{
  "lockfile-version": 1,
  "manifest": {
    "version": 1,
    "install": {
      "nodejs_22": {
        "pkg-path": "nodejs_22"
      },
      "pnpm": {
        "pkg-path": "pnpm"
      }
    },
    "hook": {},
    "profile": {},
    "options": {
      "systems": [
        "aarch64-darwin",
        "aarch64-linux",
        "x86_64-darwin",
        "x86_64-linux"
      ],
      "allow": {
        "licenses": []
      },
      "semver": {}
    }
  },
  "packages": [
    {
      "attr_path": "nodejs_22",
      "broken": false,
      "derivation": "/nix/store/hr4ghdgqmqglg3wlj2h7drpc1izwnipi-nodejs-22.8.0.drv",
      "description": "Event-driven I/O framework for the V8 JavaScript engine",
      "install_id": "nodejs_22",
      "license": "MIT",
      "locked_url": "https://github.com/flox/nixpkgs?rev=bc947f541ae55e999ffdb4013441347d83b00feb",
      "name": "nodejs-22.8.0",
      "pname": "nodejs_22",
      "rev": "bc947f541ae55e999ffdb4013441347d83b00feb",
      "rev_count": 688563,
      "rev_date": "2024-10-04T05:06:13Z",
      "scrape_date": "2024-10-06T03:50:36Z",
      "stabilities": [
        "unstable"
      ],
      "unfree": false,
      "version": "nodejs-22.8.0",
      "outputs_to_install": [
        "out"
      ],
      "outputs": {
        "libv8": "/nix/store/rqpibvqcpjxx26ls9kmdq1fr5yckss9l-nodejs-22.8.0-libv8",
        "out": "/nix/store/4r8kqr24z88m1xjbb1qf19p1mi6q35lp-nodejs-22.8.0"
      },
      "system": "aarch64-darwin",
      "group": "toplevel",
      "priority": 5
    },
    {
      "attr_path": "nodejs_22",
      "broken": false,
      "derivation": "/nix/store/ffbr65vy1yhv1qrzwydai4is01ziz6ma-nodejs-22.8.0.drv",
      "description": "Event-driven I/O framework for the V8 JavaScript engine",
      "install_id": "nodejs_22",
      "license": "MIT",
      "locked_url": "https://github.com/flox/nixpkgs?rev=bc947f541ae55e999ffdb4013441347d83b00feb",
      "name": "nodejs-22.8.0",
      "pname": "nodejs_22",
      "rev": "bc947f541ae55e999ffdb4013441347d83b00feb",
      "rev_count": 688563,
      "rev_date": "2024-10-04T05:06:13Z",
      "scrape_date": "2024-10-06T03:50:36Z",
      "stabilities": [
        "unstable"
      ],
      "unfree": false,
      "version": "nodejs-22.8.0",
      "outputs_to_install": [
        "out"
      ],
      "outputs": {
        "libv8": "/nix/store/4dwa28gc3w0gr672pcf3j4lfncymdqjf-nodejs-22.8.0-libv8",
        "out": "/nix/store/1wzl2brm8p6sb5b3wsdnn02m56cq36d4-nodejs-22.8.0"
      },
      "system": "aarch64-linux",
      "group": "toplevel",
      "priority": 5
    },
    {
      "attr_path": "nodejs_22",
      "broken": false,
      "derivation": "/nix/store/pgw2ramsmm0b0yyzhsxypi31vsjdkqp9-nodejs-22.8.0.drv",
      "description": "Event-driven I/O framework for the V8 JavaScript engine",
      "install_id": "nodejs_22",
      "license": "MIT",
      "locked_url": "https://github.com/flox/nixpkgs?rev=bc947f541ae55e999ffdb4013441347d83b00feb",
      "name": "nodejs-22.8.0",
      "pname": "nodejs_22",
      "rev": "bc947f541ae55e999ffdb4013441347d83b00feb",
      "rev_count": 688563,
      "rev_date": "2024-10-04T05:06:13Z",
      "scrape_date": "2024-10-06T03:50:36Z",
      "stabilities": [
        "unstable"
      ],
      "unfree": false,
      "version": "nodejs-22.8.0",
      "outputs_to_install": [
        "out"
      ],
      "outputs": {
        "libv8": "/nix/store/16kfmgbsspjg1kpdvf9np5v2h371dh40-nodejs-22.8.0-libv8",
        "out": "/nix/store/mcdq9d48r8c2j29zgr7i80vnjzwh2lc3-nodejs-22.8.0"
      },
      "system": "x86_64-darwin",
      "group": "toplevel",
      "priority": 5
    },
    {
      "attr_path": "nodejs_22",
      "broken": false,
      "derivation": "/nix/store/738d3bnrcr1bwqmc94fdlvfqbgqhsqas-nodejs-22.8.0.drv",
      "description": "Event-driven I/O framework for the V8 JavaScript engine",
      "install_id": "nodejs_22",
      "license": "MIT",
      "locked_url": "https://github.com/flox/nixpkgs?rev=bc947f541ae55e999ffdb4013441347d83b00feb",
      "name": "nodejs-22.8.0",
      "pname": "nodejs_22",
      "rev": "bc947f541ae55e999ffdb4013441347d83b00feb",
      "rev_count": 688563,
      "rev_date": "2024-10-04T05:06:13Z",
      "scrape_date": "2024-10-06T03:50:36Z",
      "stabilities": [
        "unstable"
      ],
      "unfree": false,
      "version": "nodejs-22.8.0",
      "outputs_to_install": [
        "out"
      ],
      "outputs": {
        "libv8": "/nix/store/gp8fkyafy0anm5pgdcq2x3qs2fm8syhl-nodejs-22.8.0-libv8",
        "out": "/nix/store/xsrv93rg8vi05k9ig6v9mcvcyn01n6n2-nodejs-22.8.0"
      },
      "system": "x86_64-linux",
      "group": "toplevel",
      "priority": 5
    },
    {
      "attr_path": "pnpm",
      "broken": false,
      "derivation": "/nix/store/303yd0jiqyzs5m9mmnfksvygw83mcbgc-pnpm-9.10.0.drv",
      "description": "Fast, disk space efficient package manager for JavaScript",
      "install_id": "pnpm",
      "license": "MIT",
      "locked_url": "https://github.com/flox/nixpkgs?rev=bc947f541ae55e999ffdb4013441347d83b00feb",
      "name": "pnpm-9.10.0",
      "pname": "pnpm",
      "rev": "bc947f541ae55e999ffdb4013441347d83b00feb",
      "rev_count": 688563,
      "rev_date": "2024-10-04T05:06:13Z",
      "scrape_date": "2024-10-06T03:50:36Z",
      "stabilities": [
        "unstable"
      ],
      "unfree": false,
      "version": "9.10.0",
      "outputs_to_install": [
        "out"
      ],
      "outputs": {
        "out": "/nix/store/78jk4n2nn48f19cincpzk0fk1ylnhfw1-pnpm-9.10.0"
      },
      "system": "aarch64-darwin",
      "group": "toplevel",
      "priority": 5
    },
    {
      "attr_path": "pnpm",
      "broken": false,
      "derivation": "/nix/store/xn18m06r012d29bq412l5vr6ybziazi8-pnpm-9.10.0.drv",
      "description": "Fast, disk space efficient package manager for JavaScript",
      "install_id": "pnpm",
      "license": "MIT",
      "locked_url": "https://github.com/flox/nixpkgs?rev=bc947f541ae55e999ffdb4013441347d83b00feb",
      "name": "pnpm-9.10.0",
      "pname": "pnpm",
      "rev": "bc947f541ae55e999ffdb4013441347d83b00feb",
      "rev_count": 688563,
      "rev_date": "2024-10-04T05:06:13Z",
      "scrape_date": "2024-10-06T03:50:36Z",
      "stabilities": [
        "unstable"
      ],
      "unfree": false,
      "version": "9.10.0",
      "outputs_to_install": [
        "out"
      ],
      "outputs": {
        "out": "/nix/store/sgkja64j6077yla4wm0f1zck60imxxv6-pnpm-9.10.0"
      },
      "system": "aarch64-linux",
      "group": "toplevel",
      "priority": 5
    },
    {
      "attr_path": "pnpm",
      "broken": false,
      "derivation": "/nix/store/hjrk83kjm5b9m8xbspbhbbvk4qabfjql-pnpm-9.10.0.drv",
      "description": "Fast, disk space efficient package manager for JavaScript",
      "install_id": "pnpm",
      "license": "MIT",
      "locked_url": "https://github.com/flox/nixpkgs?rev=bc947f541ae55e999ffdb4013441347d83b00feb",
      "name": "pnpm-9.10.0",
      "pname": "pnpm",
      "rev": "bc947f541ae55e999ffdb4013441347d83b00feb",
      "rev_count": 688563,
      "rev_date": "2024-10-04T05:06:13Z",
      "scrape_date": "2024-10-06T03:50:36Z",
      "stabilities": [
        "unstable"
      ],
      "unfree": false,
      "version": "9.10.0",
      "outputs_to_install": [
        "out"
      ],
      "outputs": {
        "out": "/nix/store/zw1lnwjig1anr1gjkp5ps5g0pd03hxmn-pnpm-9.10.0"
      },
      "system": "x86_64-darwin",
      "group": "toplevel",
      "priority": 5
    },
    {
      "attr_path": "pnpm",
      "broken": false,
      "derivation": "/nix/store/j35940413yvrc9864frjvv24awwdjs7n-pnpm-9.10.0.drv",
      "description": "Fast, disk space efficient package manager for JavaScript",
      "install_id": "pnpm",
      "license": "MIT",
      "locked_url": "https://github.com/flox/nixpkgs?rev=bc947f541ae55e999ffdb4013441347d83b00feb",
      "name": "pnpm-9.10.0",
      "pname": "pnpm",
      "rev": "bc947f541ae55e999ffdb4013441347d83b00feb",
      "rev_count": 688563,
      "rev_date": "2024-10-04T05:06:13Z",
      "scrape_date": "2024-10-06T03:50:36Z",
      "stabilities": [
        "unstable"
      ],
      "unfree": false,
      "version": "9.10.0",
      "outputs_to_install": [
        "out"
      ],
      "outputs": {
        "out": "/nix/store/8zlqhgw5hbakbk2850wvky9x2vqbsqyw-pnpm-9.10.0"
      },
      "system": "x86_64-linux",
      "group": "toplevel",
      "priority": 5
    }
  ]
}